{
  "lib/calibur": {
    "tag": {
      "name": "v1.0.0",
      "rev": "35d80918e120d177a49d3d90bcd4dd011caedd32"
    }
  },
  "lib/forge-std": {
    "rev": "8bbcf6e3f8f62f419e5429a0bd89331c85c37824"
  },
  "lib/hookmate": {
    "rev": "33408fbc15e083eb0bc4205fa37cb6ba0a926f44"
  },
  "lib/uniswap-hooks": {
    "rev": "e59fe72c110c3862eec9b332530dce49ca506bbb"
  },
  "lib/universal-router": {
    "tag": {
      "name": "v1.6.0",
      "rev": "41183d6eb154f0ab0e74a0e911a5ef9ea51fc4bd"
    }
  }
}